
Microsoft Visual Studio Solution File, Format Version 11.00
# Visual Studio 2010
Project("{FAE04EC0-301F-11D3-BF4B-00C04F79EFBC}") = "Entity", "BLL\Entity\Entity.csproj", "{59E50834-0DC6-4715-8BFE-A7D51685A5F8}"
EndProject
Project("{FAE04EC0-301F-11D3-BF4B-00C04F79EFBC}") = "NHMap", "BLL\NHMap\NHMap.csproj", "{86CB1C54-F7C1-44C5-AF16-210C3FFA6EF7}"
EndProject
Project("{2150E333-8FDC-42A3-9474-1A3956D46DE8}") = "BLL", "BLL", "{75E74FEA-9372-4383-BABC-4F2C945E3FDC}"
EndProject
Project("{2150E333-8FDC-42A3-9474-1A3956D46DE8}") = "SRV", "SRV", "{BB8E42DE-904B-406E-8B37-F3ADE99E98CD}"
EndProject
Project("{2150E333-8FDC-42A3-9474-1A3956D46DE8}") = "Tool", "Tool", "{6BCB23CE-3600-4CA0-B185-035F9B846048}"
EndProject
Project("{FAE04EC0-301F-11D3-BF4B-00C04F79EFBC}") = "BuildDatabase", "Tool\BuildDatabase\BuildDatabase.csproj", "{BCD21A06-9CBC-4CA9-B9C6-1241A7366BC8}"
EndProject
Project("{2150E333-8FDC-42A3-9474-1A3956D46DE8}") = "DAL", "DAL", "{01EB9BCB-9C94-485A-8CA2-4C61686BEA07}"
EndProject
Project("{2150E333-8FDC-42A3-9474-1A3956D46DE8}") = "UI", "UI", "{2F1FDE66-D031-49A1-8241-5F5E4E9D4FC9}"
EndProject
Project("{2150E333-8FDC-42A3-9474-1A3956D46DE8}") = "GLB", "GLB", "{F0A75D12-04F0-4B1E-BA24-B0C8C15BE239}"
EndProject
Project("{FAE04EC0-301F-11D3-BF4B-00C04F79EFBC}") = "PC", "UI\PC\PC.csproj", "{A2958D24-65BD-4CE0-8904-08E003A9C0E6}"
EndProject
Project("{FAE04EC0-301F-11D3-BF4B-00C04F79EFBC}") = "ProdService", "SRV\ProdService\ProdService.csproj", "{CC01DD52-90BC-4083-B75B-24A11F48B5BD}"
EndProject
Project("{FAE04EC0-301F-11D3-BF4B-00C04F79EFBC}") = "ServiceInterface", "SRV\ServiceInterface\ServiceInterface.csproj", "{017E1BAC-8B7C-4055-BA38-5A748171C3EC}"
EndProject
Project("{FAE04EC0-301F-11D3-BF4B-00C04F79EFBC}") = "UIDevService", "SRV\UIDevService\UIDevService.csproj", "{5AA2EA4B-709B-4792-8F66-FC75BFF35D26}"
EndProject
Project("{FAE04EC0-301F-11D3-BF4B-00C04F79EFBC}") = "Global", "GLB\Global\Global.csproj", "{2709CC0B-3483-4CAE-AB5C-1E388A9DC32F}"
EndProject
Project("{FAE04EC0-301F-11D3-BF4B-00C04F79EFBC}") = "ADO", "DAL\ADO.csproj", "{D3BEEB5A-8476-4626-92C7-907DEBB7F50E}"
EndProject
Project("{FAE04EC0-301F-11D3-BF4B-00C04F79EFBC}") = "Query", "SRV\Query\Query.csproj", "{0DABC365-5041-4064-A196-34C0F519D3AB}"
EndProject
Project("{FAE04EC0-301F-11D3-BF4B-00C04F79EFBC}") = "ViewModel", "SRV\ViewModel\ViewModel.csproj", "{2C6BFABA-4966-4AC1-BC55-069249BBCE75}"
EndProject
Project("{FAE04EC0-301F-11D3-BF4B-00C04F79EFBC}") = "ViewModelMap", "SRV\ViewModelMap\ViewModelMap.csproj", "{3BF407BC-5BDA-4D0C-9B1B-DBF0047CE2C8}"
EndProject
Project("{E24C65DC-7377-472B-9ABA-BC803B73C61A}") = "packages", "packages\", "{B7AE3424-3A5C-4345-B673-35815D841F1F}"
	ProjectSection(WebsiteProperties) = preProject
		TargetFrameworkMoniker = ".NETFramework,Version%3Dv4.0"
		Debug.AspNetCompiler.VirtualPath = "/packages"
		Debug.AspNetCompiler.PhysicalPath = "packages\"
		Debug.AspNetCompiler.TargetPath = "PrecompiledWeb\packages\"
		Debug.AspNetCompiler.Updateable = "true"
		Debug.AspNetCompiler.ForceOverwrite = "true"
		Debug.AspNetCompiler.FixedNames = "false"
		Debug.AspNetCompiler.Debug = "True"
		Release.AspNetCompiler.VirtualPath = "/packages"
		Release.AspNetCompiler.PhysicalPath = "packages\"
		Release.AspNetCompiler.TargetPath = "PrecompiledWeb\packages\"
		Release.AspNetCompiler.Updateable = "true"
		Release.AspNetCompiler.ForceOverwrite = "true"
		Release.AspNetCompiler.FixedNames = "false"
		Release.AspNetCompiler.Debug = "False"
		VWDPort = "34721"
		VWDDynamicPort = "true"
		StartServerOnDebug = "false"
	EndProjectSection
EndProject
Project("{E24C65DC-7377-472B-9ABA-BC803B73C61A}") = "dll", "dll\", "{ED4C61B0-1DA4-4B51-B881-F5B55EC78427}"
	ProjectSection(WebsiteProperties) = preProject
		TargetFrameworkMoniker = ".NETFramework,Version%3Dv4.0"
		Debug.AspNetCompiler.VirtualPath = "/dll"
		Debug.AspNetCompiler.PhysicalPath = "dll\"
		Debug.AspNetCompiler.TargetPath = "PrecompiledWeb\dll\"
		Debug.AspNetCompiler.Updateable = "true"
		Debug.AspNetCompiler.ForceOverwrite = "true"
		Debug.AspNetCompiler.FixedNames = "false"
		Debug.AspNetCompiler.Debug = "True"
		Release.AspNetCompiler.VirtualPath = "/dll"
		Release.AspNetCompiler.PhysicalPath = "dll\"
		Release.AspNetCompiler.TargetPath = "PrecompiledWeb\dll\"
		Release.AspNetCompiler.Updateable = "true"
		Release.AspNetCompiler.ForceOverwrite = "true"
		Release.AspNetCompiler.FixedNames = "false"
		Release.AspNetCompiler.Debug = "False"
		VWDPort = "34722"
		VWDDynamicPort = "true"
		StartServerOnDebug = "false"
	EndProjectSection
EndProject
Global
	GlobalSection(SolutionConfigurationPlatforms) = preSolution
		Debug|Any CPU = Debug|Any CPU
		Debug|Mixed Platforms = Debug|Mixed Platforms
		Debug|x86 = Debug|x86
		Release|Any CPU = Release|Any CPU
		Release|Mixed Platforms = Release|Mixed Platforms
		Release|x86 = Release|x86
	EndGlobalSection
	GlobalSection(ProjectConfigurationPlatforms) = postSolution
		{59E50834-0DC6-4715-8BFE-A7D51685A5F8}.Debug|Any CPU.ActiveCfg = Debug|Any CPU
		{59E50834-0DC6-4715-8BFE-A7D51685A5F8}.Debug|Any CPU.Build.0 = Debug|Any CPU
		{59E50834-0DC6-4715-8BFE-A7D51685A5F8}.Debug|Mixed Platforms.ActiveCfg = Debug|Any CPU
		{59E50834-0DC6-4715-8BFE-A7D51685A5F8}.Debug|Mixed Platforms.Build.0 = Debug|Any CPU
		{59E50834-0DC6-4715-8BFE-A7D51685A5F8}.Debug|x86.ActiveCfg = Debug|Any CPU
		{59E50834-0DC6-4715-8BFE-A7D51685A5F8}.Release|Any CPU.ActiveCfg = Release|Any CPU
		{59E50834-0DC6-4715-8BFE-A7D51685A5F8}.Release|Any CPU.Build.0 = Release|Any CPU
		{59E50834-0DC6-4715-8BFE-A7D51685A5F8}.Release|Mixed Platforms.ActiveCfg = Release|Any CPU
		{59E50834-0DC6-4715-8BFE-A7D51685A5F8}.Release|Mixed Platforms.Build.0 = Release|Any CPU
		{59E50834-0DC6-4715-8BFE-A7D51685A5F8}.Release|x86.ActiveCfg = Release|Any CPU
		{86CB1C54-F7C1-44C5-AF16-210C3FFA6EF7}.Debug|Any CPU.ActiveCfg = Debug|Any CPU
		{86CB1C54-F7C1-44C5-AF16-210C3FFA6EF7}.Debug|Any CPU.Build.0 = Debug|Any CPU
		{86CB1C54-F7C1-44C5-AF16-210C3FFA6EF7}.Debug|Mixed Platforms.ActiveCfg = Debug|Any CPU
		{86CB1C54-F7C1-44C5-AF16-210C3FFA6EF7}.Debug|Mixed Platforms.Build.0 = Debug|Any CPU
		{86CB1C54-F7C1-44C5-AF16-210C3FFA6EF7}.Debug|x86.ActiveCfg = Debug|Any CPU
		{86CB1C54-F7C1-44C5-AF16-210C3FFA6EF7}.Release|Any CPU.ActiveCfg = Release|Any CPU
		{86CB1C54-F7C1-44C5-AF16-210C3FFA6EF7}.Release|Any CPU.Build.0 = Release|Any CPU
		{86CB1C54-F7C1-44C5-AF16-210C3FFA6EF7}.Release|Mixed Platforms.ActiveCfg = Release|Any CPU
		{86CB1C54-F7C1-44C5-AF16-210C3FFA6EF7}.Release|Mixed Platforms.Build.0 = Release|Any CPU
		{86CB1C54-F7C1-44C5-AF16-210C3FFA6EF7}.Release|x86.ActiveCfg = Release|Any CPU
		{BCD21A06-9CBC-4CA9-B9C6-1241A7366BC8}.Debug|Any CPU.ActiveCfg = Debug|x86
		{BCD21A06-9CBC-4CA9-B9C6-1241A7366BC8}.Debug|Mixed Platforms.ActiveCfg = Debug|x86
		{BCD21A06-9CBC-4CA9-B9C6-1241A7366BC8}.Debug|Mixed Platforms.Build.0 = Debug|x86
		{BCD21A06-9CBC-4CA9-B9C6-1241A7366BC8}.Debug|x86.ActiveCfg = Debug|x86
		{BCD21A06-9CBC-4CA9-B9C6-1241A7366BC8}.Debug|x86.Build.0 = Debug|x86
		{BCD21A06-9CBC-4CA9-B9C6-1241A7366BC8}.Release|Any CPU.ActiveCfg = Release|x86
		{BCD21A06-9CBC-4CA9-B9C6-1241A7366BC8}.Release|Mixed Platforms.ActiveCfg = Release|x86
		{BCD21A06-9CBC-4CA9-B9C6-1241A7366BC8}.Release|Mixed Platforms.Build.0 = Release|x86
		{BCD21A06-9CBC-4CA9-B9C6-1241A7366BC8}.Release|x86.ActiveCfg = Release|x86
		{BCD21A06-9CBC-4CA9-B9C6-1241A7366BC8}.Release|x86.Build.0 = Release|x86
		{A2958D24-65BD-4CE0-8904-08E003A9C0E6}.Debug|Any CPU.ActiveCfg = Debug|Any CPU
		{A2958D24-65BD-4CE0-8904-08E003A9C0E6}.Debug|Any CPU.Build.0 = Debug|Any CPU
		{A2958D24-65BD-4CE0-8904-08E003A9C0E6}.Debug|Mixed Platforms.ActiveCfg = Debug|Any CPU
		{A2958D24-65BD-4CE0-8904-08E003A9C0E6}.Debug|Mixed Platforms.Build.0 = Debug|Any CPU
		{A2958D24-65BD-4CE0-8904-08E003A9C0E6}.Debug|x86.ActiveCfg = Debug|Any CPU
		{A2958D24-65BD-4CE0-8904-08E003A9C0E6}.Release|Any CPU.ActiveCfg = Release|Any CPU
		{A2958D24-65BD-4CE0-8904-08E003A9C0E6}.Release|Any CPU.Build.0 = Release|Any CPU
		{A2958D24-65BD-4CE0-8904-08E003A9C0E6}.Release|Mixed Platforms.ActiveCfg = Release|Any CPU
		{A2958D24-65BD-4CE0-8904-08E003A9C0E6}.Release|Mixed Platforms.Build.0 = Release|Any CPU
		{A2958D24-65BD-4CE0-8904-08E003A9C0E6}.Release|x86.ActiveCfg = Release|Any CPU
		{CC01DD52-90BC-4083-B75B-24A11F48B5BD}.Debug|Any CPU.ActiveCfg = Debug|Any CPU
		{CC01DD52-90BC-4083-B75B-24A11F48B5BD}.Debug|Any CPU.Build.0 = Debug|Any CPU
		{CC01DD52-90BC-4083-B75B-24A11F48B5BD}.Debug|Mixed Platforms.ActiveCfg = Debug|Any CPU
		{CC01DD52-90BC-4083-B75B-24A11F48B5BD}.Debug|Mixed Platforms.Build.0 = Debug|Any CPU
		{CC01DD52-90BC-4083-B75B-24A11F48B5BD}.Debug|x86.ActiveCfg = Debug|Any CPU
		{CC01DD52-90BC-4083-B75B-24A11F48B5BD}.Release|Any CPU.ActiveCfg = Release|Any CPU
		{CC01DD52-90BC-4083-B75B-24A11F48B5BD}.Release|Any CPU.Build.0 = Release|Any CPU
		{CC01DD52-90BC-4083-B75B-24A11F48B5BD}.Release|Mixed Platforms.ActiveCfg = Release|Any CPU
		{CC01DD52-90BC-4083-B75B-24A11F48B5BD}.Release|Mixed Platforms.Build.0 = Release|Any CPU
		{CC01DD52-90BC-4083-B75B-24A11F48B5BD}.Release|x86.ActiveCfg = Release|Any CPU
		{017E1BAC-8B7C-4055-BA38-5A748171C3EC}.Debug|Any CPU.ActiveCfg = Debug|Any CPU
		{017E1BAC-8B7C-4055-BA38-5A748171C3EC}.Debug|Any CPU.Build.0 = Debug|Any CPU
		{017E1BAC-8B7C-4055-BA38-5A748171C3EC}.Debug|Mixed Platforms.ActiveCfg = Debug|Any CPU
		{017E1BAC-8B7C-4055-BA38-5A748171C3EC}.Debug|Mixed Platforms.Build.0 = Debug|Any CPU
		{017E1BAC-8B7C-4055-BA38-5A748171C3EC}.Debug|x86.ActiveCfg = Debug|Any CPU
		{017E1BAC-8B7C-4055-BA38-5A748171C3EC}.Release|Any CPU.ActiveCfg = Release|Any CPU
		{017E1BAC-8B7C-4055-BA38-5A748171C3EC}.Release|Any CPU.Build.0 = Release|Any CPU
		{017E1BAC-8B7C-4055-BA38-5A748171C3EC}.Release|Mixed Platforms.ActiveCfg = Release|Any CPU
		{017E1BAC-8B7C-4055-BA38-5A748171C3EC}.Release|Mixed Platforms.Build.0 = Release|Any CPU
		{017E1BAC-8B7C-4055-BA38-5A748171C3EC}.Release|x86.ActiveCfg = Release|Any CPU
		{5AA2EA4B-709B-4792-8F66-FC75BFF35D26}.Debug|Any CPU.ActiveCfg = Debug|Any CPU
		{5AA2EA4B-709B-4792-8F66-FC75BFF35D26}.Debug|Any CPU.Build.0 = Debug|Any CPU
		{5AA2EA4B-709B-4792-8F66-FC75BFF35D26}.Debug|Mixed Platforms.ActiveCfg = Debug|Any CPU
		{5AA2EA4B-709B-4792-8F66-FC75BFF35D26}.Debug|Mixed Platforms.Build.0 = Debug|Any CPU
		{5AA2EA4B-709B-4792-8F66-FC75BFF35D26}.Debug|x86.ActiveCfg = Debug|Any CPU
		{5AA2EA4B-709B-4792-8F66-FC75BFF35D26}.Release|Any CPU.ActiveCfg = Release|Any CPU
		{5AA2EA4B-709B-4792-8F66-FC75BFF35D26}.Release|Any CPU.Build.0 = Release|Any CPU
		{5AA2EA4B-709B-4792-8F66-FC75BFF35D26}.Release|Mixed Platforms.ActiveCfg = Release|Any CPU
		{5AA2EA4B-709B-4792-8F66-FC75BFF35D26}.Release|Mixed Platforms.Build.0 = Release|Any CPU
		{5AA2EA4B-709B-4792-8F66-FC75BFF35D26}.Release|x86.ActiveCfg = Release|Any CPU
		{2709CC0B-3483-4CAE-AB5C-1E388A9DC32F}.Debug|Any CPU.ActiveCfg = Debug|Any CPU
		{2709CC0B-3483-4CAE-AB5C-1E388A9DC32F}.Debug|Any CPU.Build.0 = Debug|Any CPU
		{2709CC0B-3483-4CAE-AB5C-1E388A9DC32F}.Debug|Mixed Platforms.ActiveCfg = Debug|Any CPU
		{2709CC0B-3483-4CAE-AB5C-1E388A9DC32F}.Debug|Mixed Platforms.Build.0 = Debug|Any CPU
		{2709CC0B-3483-4CAE-AB5C-1E388A9DC32F}.Debug|x86.ActiveCfg = Debug|Any CPU
		{2709CC0B-3483-4CAE-AB5C-1E388A9DC32F}.Release|Any CPU.ActiveCfg = Release|Any CPU
		{2709CC0B-3483-4CAE-AB5C-1E388A9DC32F}.Release|Any CPU.Build.0 = Release|Any CPU
		{2709CC0B-3483-4CAE-AB5C-1E388A9DC32F}.Release|Mixed Platforms.ActiveCfg = Release|Any CPU
		{2709CC0B-3483-4CAE-AB5C-1E388A9DC32F}.Release|Mixed Platforms.Build.0 = Release|Any CPU
		{2709CC0B-3483-4CAE-AB5C-1E388A9DC32F}.Release|x86.ActiveCfg = Release|Any CPU
		{D3BEEB5A-8476-4626-92C7-907DEBB7F50E}.Debug|Any CPU.ActiveCfg = Debug|Any CPU
		{D3BEEB5A-8476-4626-92C7-907DEBB7F50E}.Debug|Any CPU.Build.0 = Debug|Any CPU
		{D3BEEB5A-8476-4626-92C7-907DEBB7F50E}.Debug|Mixed Platforms.ActiveCfg = Debug|Any CPU
		{D3BEEB5A-8476-4626-92C7-907DEBB7F50E}.Debug|Mixed Platforms.Build.0 = Debug|Any CPU
		{D3BEEB5A-8476-4626-92C7-907DEBB7F50E}.Debug|x86.ActiveCfg = Debug|Any CPU
		{D3BEEB5A-8476-4626-92C7-907DEBB7F50E}.Release|Any CPU.ActiveCfg = Release|Any CPU
		{D3BEEB5A-8476-4626-92C7-907DEBB7F50E}.Release|Any CPU.Build.0 = Release|Any CPU
		{D3BEEB5A-8476-4626-92C7-907DEBB7F50E}.Release|Mixed Platforms.ActiveCfg = Release|Any CPU
		{D3BEEB5A-8476-4626-92C7-907DEBB7F50E}.Release|Mixed Platforms.Build.0 = Release|Any CPU
		{D3BEEB5A-8476-4626-92C7-907DEBB7F50E}.Release|x86.ActiveCfg = Release|Any CPU
		{0DABC365-5041-4064-A196-34C0F519D3AB}.Debug|Any CPU.ActiveCfg = Debug|Any CPU
		{0DABC365-5041-4064-A196-34C0F519D3AB}.Debug|Any CPU.Build.0 = Debug|Any CPU
		{0DABC365-5041-4064-A196-34C0F519D3AB}.Debug|Mixed Platforms.ActiveCfg = Debug|Any CPU
		{0DABC365-5041-4064-A196-34C0F519D3AB}.Debug|Mixed Platforms.Build.0 = Debug|Any CPU
		{0DABC365-5041-4064-A196-34C0F519D3AB}.Debug|x86.ActiveCfg = Debug|Any CPU
		{0DABC365-5041-4064-A196-34C0F519D3AB}.Release|Any CPU.ActiveCfg = Release|Any CPU
		{0DABC365-5041-4064-A196-34C0F519D3AB}.Release|Any CPU.Build.0 = Release|Any CPU
		{0DABC365-5041-4064-A196-34C0F519D3AB}.Release|Mixed Platforms.ActiveCfg = Release|Any CPU
		{0DABC365-5041-4064-A196-34C0F519D3AB}.Release|Mixed Platforms.Build.0 = Release|Any CPU
		{0DABC365-5041-4064-A196-34C0F519D3AB}.Release|x86.ActiveCfg = Release|Any CPU
		{2C6BFABA-4966-4AC1-BC55-069249BBCE75}.Debug|Any CPU.ActiveCfg = Debug|Any CPU
		{2C6BFABA-4966-4AC1-BC55-069249BBCE75}.Debug|Any CPU.Build.0 = Debug|Any CPU
		{2C6BFABA-4966-4AC1-BC55-069249BBCE75}.Debug|Mixed Platforms.ActiveCfg = Debug|Any CPU
		{2C6BFABA-4966-4AC1-BC55-069249BBCE75}.Debug|Mixed Platforms.Build.0 = Debug|Any CPU
		{2C6BFABA-4966-4AC1-BC55-069249BBCE75}.Debug|x86.ActiveCfg = Debug|Any CPU
		{2C6BFABA-4966-4AC1-BC55-069249BBCE75}.Release|Any CPU.ActiveCfg = Release|Any CPU
		{2C6BFABA-4966-4AC1-BC55-069249BBCE75}.Release|Any CPU.Build.0 = Release|Any CPU
		{2C6BFABA-4966-4AC1-BC55-069249BBCE75}.Release|Mixed Platforms.ActiveCfg = Release|Any CPU
		{2C6BFABA-4966-4AC1-BC55-069249BBCE75}.Release|Mixed Platforms.Build.0 = Release|Any CPU
		{2C6BFABA-4966-4AC1-BC55-069249BBCE75}.Release|x86.ActiveCfg = Release|Any CPU
		{3BF407BC-5BDA-4D0C-9B1B-DBF0047CE2C8}.Debug|Any CPU.ActiveCfg = Debug|Any CPU
		{3BF407BC-5BDA-4D0C-9B1B-DBF0047CE2C8}.Debug|Any CPU.Build.0 = Debug|Any CPU
		{3BF407BC-5BDA-4D0C-9B1B-DBF0047CE2C8}.Debug|Mixed Platforms.ActiveCfg = Debug|Any CPU
		{3BF407BC-5BDA-4D0C-9B1B-DBF0047CE2C8}.Debug|Mixed Platforms.Build.0 = Debug|Any CPU
		{3BF407BC-5BDA-4D0C-9B1B-DBF0047CE2C8}.Debug|x86.ActiveCfg = Debug|Any CPU
		{3BF407BC-5BDA-4D0C-9B1B-DBF0047CE2C8}.Release|Any CPU.ActiveCfg = Release|Any CPU
		{3BF407BC-5BDA-4D0C-9B1B-DBF0047CE2C8}.Release|Any CPU.Build.0 = Release|Any CPU
		{3BF407BC-5BDA-4D0C-9B1B-DBF0047CE2C8}.Release|Mixed Platforms.ActiveCfg = Release|Any CPU
		{3BF407BC-5BDA-4D0C-9B1B-DBF0047CE2C8}.Release|Mixed Platforms.Build.0 = Release|Any CPU
		{3BF407BC-5BDA-4D0C-9B1B-DBF0047CE2C8}.Release|x86.ActiveCfg = Release|Any CPU
		{B7AE3424-3A5C-4345-B673-35815D841F1F}.Debug|Any CPU.ActiveCfg = Debug|Any CPU
		{B7AE3424-3A5C-4345-B673-35815D841F1F}.Debug|Any CPU.Build.0 = Debug|Any CPU
		{B7AE3424-3A5C-4345-B673-35815D841F1F}.Debug|Mixed Platforms.ActiveCfg = Debug|Any CPU
		{B7AE3424-3A5C-4345-B673-35815D841F1F}.Debug|Mixed Platforms.Build.0 = Debug|Any CPU
		{B7AE3424-3A5C-4345-B673-35815D841F1F}.Debug|x86.ActiveCfg = Debug|Any CPU
		{B7AE3424-3A5C-4345-B673-35815D841F1F}.Release|Any CPU.ActiveCfg = Debug|Any CPU
		{B7AE3424-3A5C-4345-B673-35815D841F1F}.Release|Any CPU.Build.0 = Debug|Any CPU
		{B7AE3424-3A5C-4345-B673-35815D841F1F}.Release|Mixed Platforms.ActiveCfg = Debug|Any CPU
		{B7AE3424-3A5C-4345-B673-35815D841F1F}.Release|Mixed Platforms.Build.0 = Debug|Any CPU
		{B7AE3424-3A5C-4345-B673-35815D841F1F}.Release|x86.ActiveCfg = Debug|Any CPU
		{ED4C61B0-1DA4-4B51-B881-F5B55EC78427}.Debug|Any CPU.ActiveCfg = Debug|Any CPU
		{ED4C61B0-1DA4-4B51-B881-F5B55EC78427}.Debug|Any CPU.Build.0 = Debug|Any CPU
		{ED4C61B0-1DA4-4B51-B881-F5B55EC78427}.Debug|Mixed Platforms.ActiveCfg = Debug|Any CPU
		{ED4C61B0-1DA4-4B51-B881-F5B55EC78427}.Debug|Mixed Platforms.Build.0 = Debug|Any CPU
		{ED4C61B0-1DA4-4B51-B881-F5B55EC78427}.Debug|x86.ActiveCfg = Debug|Any CPU
		{ED4C61B0-1DA4-4B51-B881-F5B55EC78427}.Release|Any CPU.ActiveCfg = Debug|Any CPU
		{ED4C61B0-1DA4-4B51-B881-F5B55EC78427}.Release|Any CPU.Build.0 = Debug|Any CPU
		{ED4C61B0-1DA4-4B51-B881-F5B55EC78427}.Release|Mixed Platforms.ActiveCfg = Debug|Any CPU
		{ED4C61B0-1DA4-4B51-B881-F5B55EC78427}.Release|Mixed Platforms.Build.0 = Debug|Any CPU
		{ED4C61B0-1DA4-4B51-B881-F5B55EC78427}.Release|x86.ActiveCfg = Debug|Any CPU
	EndGlobalSection
	GlobalSection(SolutionProperties) = preSolution
		HideSolutionNode = FALSE
	EndGlobalSection
	GlobalSection(NestedProjects) = preSolution
		{86CB1C54-F7C1-44C5-AF16-210C3FFA6EF7} = {75E74FEA-9372-4383-BABC-4F2C945E3FDC}
		{59E50834-0DC6-4715-8BFE-A7D51685A5F8} = {75E74FEA-9372-4383-BABC-4F2C945E3FDC}
		{CC01DD52-90BC-4083-B75B-24A11F48B5BD} = {BB8E42DE-904B-406E-8B37-F3ADE99E98CD}
		{017E1BAC-8B7C-4055-BA38-5A748171C3EC} = {BB8E42DE-904B-406E-8B37-F3ADE99E98CD}
		{5AA2EA4B-709B-4792-8F66-FC75BFF35D26} = {BB8E42DE-904B-406E-8B37-F3ADE99E98CD}
		{0DABC365-5041-4064-A196-34C0F519D3AB} = {BB8E42DE-904B-406E-8B37-F3ADE99E98CD}
		{2C6BFABA-4966-4AC1-BC55-069249BBCE75} = {BB8E42DE-904B-406E-8B37-F3ADE99E98CD}
		{3BF407BC-5BDA-4D0C-9B1B-DBF0047CE2C8} = {BB8E42DE-904B-406E-8B37-F3ADE99E98CD}
		{BCD21A06-9CBC-4CA9-B9C6-1241A7366BC8} = {6BCB23CE-3600-4CA0-B185-035F9B846048}
		{D3BEEB5A-8476-4626-92C7-907DEBB7F50E} = {01EB9BCB-9C94-485A-8CA2-4C61686BEA07}
		{A2958D24-65BD-4CE0-8904-08E003A9C0E6} = {2F1FDE66-D031-49A1-8241-5F5E4E9D4FC9}
		{2709CC0B-3483-4CAE-AB5C-1E388A9DC32F} = {F0A75D12-04F0-4B1E-BA24-B0C8C15BE239}
	EndGlobalSection
EndGlobal
